PODS:
  - GPUImage (0.1.7)
  - GPUImageBeauty (0.1.0):
    - GPUImage

DEPENDENCIES:
  - GPUImageBeauty (from `../`)

SPEC REPOS:
  trunk:
    - GPUImage

EXTERNAL SOURCES:
  GPUImageBeauty:
    :path: "../"

SPEC CHECKSUMS:
  GPUImage: 733a5f0fab92df9de1c37ba9df520a833ccb406d
  GPUImageBeauty: 42fdcd53dea47800c44fc245e6a420f0a32f73b8

PODFILE CHECKSUM: 82c09460283b054122ac046cdc5b3219c761f01b

COCOAPODS: 1.9.1
